
Microsoft Visual Studio Solution File, Format Version 12.00
# Visual Studio Version 17
VisualStudioVersion = 17.14.36930.0
MinimumVisualStudioVersion = 10.0.40219.1
Project("{2150E333-8FDC-42A3-9474-1A3956D46DE8}") = "src", "src", "{02EA681E-C7D8-13C7-8484-4AC65E1B71E8}"
EndProject
Project("{2150E333-8FDC-42A3-9474-1A3956D46DE8}") = "test", "test", "{E2D329BC-4F52-4C15-BC18-0AB637D900A1}"
EndProject
Project("{FAE04EC0-301F-11D3-BF4B-00C04F79EFBC}") = "Bookify.Domain", "src\Bookify.Domain\Bookify.Domain.csproj", "{F262C2B5-8C88-0DFD-A77D-F382F915C58B}"
EndProject
Project("{FAE04EC0-301F-11D3-BF4B-00C04F79EFBC}") = "Bookify.Application", "src\Bookify.Application\Bookify.Application.csproj", "{C6BD9A94-B84C-ADB6-B02C-4C6D0DE1ECE6}"
EndProject
Project("{FAE04EC0-301F-11D3-BF4B-00C04F79EFBC}") = "Bookify.Infrastructure", "src\Bookify.Infrastructure\Bookify.Infrastructure.csproj", "{B2174EC5-6B3A-DEE3-4311-ABE230221426}"
EndProject
Project("{FAE04EC0-301F-11D3-BF4B-00C04F79EFBC}") = "Bookify.Api", "src\Bookify.Api\Bookify.Api.csproj", "{1D868796-0A39-146F-B455-B184A3A563F9}"
EndProject
Project("{E53339B2-1760-4266-BCC7-CA923CBCF16C}") = "docker-compose", "docker-compose.dcproj", "{81DDED9D-158B-E303-5F62-77A2896D2A5A}"
EndProject
Project("{FAE04EC0-301F-11D3-BF4B-00C04F79EFBC}") = "Bookify.Domain.UnitTests", "test\Bookify.Domain.UnitTests\Bookify.Domain.UnitTests.csproj", "{617459FF-AF98-473A-972E-BA9BAE345247}"
EndProject
Project("{FAE04EC0-301F-11D3-BF4B-00C04F79EFBC}") = "Bookify.Application.UnitTests", "test\Bookify.Application.UnitTests\Bookify.Application.UnitTests.csproj", "{92070665-B1B3-43EE-999A-6D6EB3744AB3}"
EndProject
Project("{FAE04EC0-301F-11D3-BF4B-00C04F79EFBC}") = "Bookify.Application.IntegrationTests", "test\Bookify.Application.IntegrationTests\Bookify.Application.IntegrationTests.csproj", "{1FBF04F8-E381-4732-9B8A-8AB97244BA06}"
EndProject
Global
	GlobalSection(SolutionConfigurationPlatforms) = preSolution
		Debug|Any CPU = Debug|Any CPU
		Release|Any CPU = Release|Any CPU
	EndGlobalSection
	GlobalSection(ProjectConfigurationPlatforms) = postSolution
		{F262C2B5-8C88-0DFD-A77D-F382F915C58B}.Debug|Any CPU.ActiveCfg = Debug|Any CPU
		{F262C2B5-8C88-0DFD-A77D-F382F915C58B}.Debug|Any CPU.Build.0 = Debug|Any CPU
		{F262C2B5-8C88-0DFD-A77D-F382F915C58B}.Release|Any CPU.ActiveCfg = Release|Any CPU
		{F262C2B5-8C88-0DFD-A77D-F382F915C58B}.Release|Any CPU.Build.0 = Release|Any CPU
		{C6BD9A94-B84C-ADB6-B02C-4C6D0DE1ECE6}.Debug|Any CPU.ActiveCfg = Debug|Any CPU
		{C6BD9A94-B84C-ADB6-B02C-4C6D0DE1ECE6}.Debug|Any CPU.Build.0 = Debug|Any CPU
		{C6BD9A94-B84C-ADB6-B02C-4C6D0DE1ECE6}.Release|Any CPU.ActiveCfg = Release|Any CPU
		{C6BD9A94-B84C-ADB6-B02C-4C6D0DE1ECE6}.Release|Any CPU.Build.0 = Release|Any CPU
		{B2174EC5-6B3A-DEE3-4311-ABE230221426}.Debug|Any CPU.ActiveCfg = Debug|Any CPU
		{B2174EC5-6B3A-DEE3-4311-ABE230221426}.Debug|Any CPU.Build.0 = Debug|Any CPU
		{B2174EC5-6B3A-DEE3-4311-ABE230221426}.Release|Any CPU.ActiveCfg = Release|Any CPU
		{B2174EC5-6B3A-DEE3-4311-ABE230221426}.Release|Any CPU.Build.0 = Release|Any CPU
		{1D868796-0A39-146F-B455-B184A3A563F9}.Debug|Any CPU.ActiveCfg = Debug|Any CPU
		{1D868796-0A39-146F-B455-B184A3A563F9}.Debug|Any CPU.Build.0 = Debug|Any CPU
		{1D868796-0A39-146F-B455-B184A3A563F9}.Release|Any CPU.ActiveCfg = Release|Any CPU
		{1D868796-0A39-146F-B455-B184A3A563F9}.Release|Any CPU.Build.0 = Release|Any CPU
		{81DDED9D-158B-E303-5F62-77A2896D2A5A}.Debug|Any CPU.ActiveCfg = Debug|Any CPU
		{81DDED9D-158B-E303-5F62-77A2896D2A5A}.Debug|Any CPU.Build.0 = Debug|Any CPU
		{81DDED9D-158B-E303-5F62-77A2896D2A5A}.Release|Any CPU.ActiveCfg = Release|Any CPU
		{81DDED9D-158B-E303-5F62-77A2896D2A5A}.Release|Any CPU.Build.0 = Release|Any CPU
		{617459FF-AF98-473A-972E-BA9BAE345247}.Debug|Any CPU.ActiveCfg = Debug|Any CPU
		{617459FF-AF98-473A-972E-BA9BAE345247}.Debug|Any CPU.Build.0 = Debug|Any CPU
		{617459FF-AF98-473A-972E-BA9BAE345247}.Release|Any CPU.ActiveCfg = Release|Any CPU
		{617459FF-AF98-473A-972E-BA9BAE345247}.Release|Any CPU.Build.0 = Release|Any CPU
		{92070665-B1B3-43EE-999A-6D6EB3744AB3}.Debug|Any CPU.ActiveCfg = Debug|Any CPU
		{92070665-B1B3-43EE-999A-6D6EB3744AB3}.Debug|Any CPU.Build.0 = Debug|Any CPU
		{92070665-B1B3-43EE-999A-6D6EB3744AB3}.Release|Any CPU.ActiveCfg = Release|Any CPU
		{92070665-B1B3-43EE-999A-6D6EB3744AB3}.Release|Any CPU.Build.0 = Release|Any CPU
		{1FBF04F8-E381-4732-9B8A-8AB97244BA06}.Debug|Any CPU.ActiveCfg = Debug|Any CPU
		{1FBF04F8-E381-4732-9B8A-8AB97244BA06}.Debug|Any CPU.Build.0 = Debug|Any CPU
		{1FBF04F8-E381-4732-9B8A-8AB97244BA06}.Release|Any CPU.ActiveCfg = Release|Any CPU
		{1FBF04F8-E381-4732-9B8A-8AB97244BA06}.Release|Any CPU.Build.0 = Release|Any CPU
	EndGlobalSection
	GlobalSection(SolutionProperties) = preSolution
		HideSolutionNode = FALSE
	EndGlobalSection
	GlobalSection(NestedProjects) = preSolution
		{F262C2B5-8C88-0DFD-A77D-F382F915C58B} = {02EA681E-C7D8-13C7-8484-4AC65E1B71E8}
		{C6BD9A94-B84C-ADB6-B02C-4C6D0DE1ECE6} = {02EA681E-C7D8-13C7-8484-4AC65E1B71E8}
		{B2174EC5-6B3A-DEE3-4311-ABE230221426} = {02EA681E-C7D8-13C7-8484-4AC65E1B71E8}
		{1D868796-0A39-146F-B455-B184A3A563F9} = {02EA681E-C7D8-13C7-8484-4AC65E1B71E8}
		{617459FF-AF98-473A-972E-BA9BAE345247} = {E2D329BC-4F52-4C15-BC18-0AB637D900A1}
		{92070665-B1B3-43EE-999A-6D6EB3744AB3} = {E2D329BC-4F52-4C15-BC18-0AB637D900A1}
		{1FBF04F8-E381-4732-9B8A-8AB97244BA06} = {E2D329BC-4F52-4C15-BC18-0AB637D900A1}
	EndGlobalSection
	GlobalSection(ExtensibilityGlobals) = postSolution
		SolutionGuid = {9B0C5B1C-8762-4998-9990-D2A3638E35B0}
	EndGlobalSection
EndGlobal
